
Microsoft Visual Studio Solution File, Format Version 12.00
# Visual Studio 15
VisualStudioVersion = 15.0.28307.960
MinimumVisualStudioVersion = 10.0.40219.1
Project("{9A19103F-16F7-4668-BE54-9A1E7A4F7556}") = "Dfe.Spi.IStoreAdapter.FunctionApp", "Dfe.Spi.IStoreAdapter.FunctionApp\Dfe.Spi.IStoreAdapter.FunctionApp.csproj", "{26E76B3A-90AE-4FE8-A47B-CFAE393732A8}"
EndProject
Project("{9A19103F-16F7-4668-BE54-9A1E7A4F7556}") = "Dfe.Spi.IStoreAdapter.Application", "Dfe.Spi.IStoreAdapter.Application\Dfe.Spi.IStoreAdapter.Application.csproj", "{E13D7104-9E80-4321-B67E-1F81BE734870}"
EndProject
Project("{9A19103F-16F7-4668-BE54-9A1E7A4F7556}") = "Dfe.Spi.IStoreAdapter.Domain", "Dfe.Spi.IStoreAdapter.Domain\Dfe.Spi.IStoreAdapter.Domain.csproj", "{AF56F013-22A8-43C1-B7F8-AC586D55106F}"
EndProject
Project("{9A19103F-16F7-4668-BE54-9A1E7A4F7556}") = "Dfe.Spi.IStoreAdapter.Infrastructure.AzureStorage", "Dfe.Spi.IStoreAdapter.Infrastructure.AzureStorage\Dfe.Spi.IStoreAdapter.Infrastructure.AzureStorage.csproj", "{0ADB4978-7CC4-4D77-8A90-CFF9630520FA}"
EndProject
Project("{9A19103F-16F7-4668-BE54-9A1E7A4F7556}") = "Dfe.Spi.IStoreAdapter.Infrastructure.SqlServer", "Dfe.Spi.IStoreAdapter.Infrastructure.SqlServer\Dfe.Spi.IStoreAdapter.Infrastructure.SqlServer.csproj", "{BE73B1CA-301A-4112-BD79-ABE757E3EC9E}"
EndProject
Project("{9A19103F-16F7-4668-BE54-9A1E7A4F7556}") = "Dfe.Spi.IStoreAdapter.Infrastructure.TranslationApi", "Dfe.Spi.IStoreAdapter.Infrastructure.TranslationApi\Dfe.Spi.IStoreAdapter.Infrastructure.TranslationApi.csproj", "{10E93464-3639-490E-A78C-15FE8B8FC7EE}"
EndProject
Global
	GlobalSection(SolutionConfigurationPlatforms) = preSolution
		Debug|Any CPU = Debug|Any CPU
		Release|Any CPU = Release|Any CPU
	EndGlobalSection
	GlobalSection(ProjectConfigurationPlatforms) = postSolution
		{26E76B3A-90AE-4FE8-A47B-CFAE393732A8}.Debug|Any CPU.ActiveCfg = Debug|Any CPU
		{26E76B3A-90AE-4FE8-A47B-CFAE393732A8}.Debug|Any CPU.Build.0 = Debug|Any CPU
		{26E76B3A-90AE-4FE8-A47B-CFAE393732A8}.Release|Any CPU.ActiveCfg = Release|Any CPU
		{26E76B3A-90AE-4FE8-A47B-CFAE393732A8}.Release|Any CPU.Build.0 = Release|Any CPU
		{E13D7104-9E80-4321-B67E-1F81BE734870}.Debug|Any CPU.ActiveCfg = Debug|Any CPU
		{E13D7104-9E80-4321-B67E-1F81BE734870}.Debug|Any CPU.Build.0 = Debug|Any CPU
		{E13D7104-9E80-4321-B67E-1F81BE734870}.Release|Any CPU.ActiveCfg = Release|Any CPU
		{E13D7104-9E80-4321-B67E-1F81BE734870}.Release|Any CPU.Build.0 = Release|Any CPU
		{AF56F013-22A8-43C1-B7F8-AC586D55106F}.Debug|Any CPU.ActiveCfg = Debug|Any CPU
		{AF56F013-22A8-43C1-B7F8-AC586D55106F}.Debug|Any CPU.Build.0 = Debug|Any CPU
		{AF56F013-22A8-43C1-B7F8-AC586D55106F}.Release|Any CPU.ActiveCfg = Release|Any CPU
		{AF56F013-22A8-43C1-B7F8-AC586D55106F}.Release|Any CPU.Build.0 = Release|Any CPU
		{0ADB4978-7CC4-4D77-8A90-CFF9630520FA}.Debug|Any CPU.ActiveCfg = Debug|Any CPU
		{0ADB4978-7CC4-4D77-8A90-CFF9630520FA}.Debug|Any CPU.Build.0 = Debug|Any CPU
		{0ADB4978-7CC4-4D77-8A90-CFF9630520FA}.Release|Any CPU.ActiveCfg = Release|Any CPU
		{0ADB4978-7CC4-4D77-8A90-CFF9630520FA}.Release|Any CPU.Build.0 = Release|Any CPU
		{BE73B1CA-301A-4112-BD79-ABE757E3EC9E}.Debug|Any CPU.ActiveCfg = Debug|Any CPU
		{BE73B1CA-301A-4112-BD79-ABE757E3EC9E}.Debug|Any CPU.Build.0 = Debug|Any CPU
		{BE73B1CA-301A-4112-BD79-ABE757E3EC9E}.Release|Any CPU.ActiveCfg = Release|Any CPU
		{BE73B1CA-301A-4112-BD79-ABE757E3EC9E}.Release|Any CPU.Build.0 = Release|Any CPU
		{10E93464-3639-490E-A78C-15FE8B8FC7EE}.Debug|Any CPU.ActiveCfg = Debug|Any CPU
		{10E93464-3639-490E-A78C-15FE8B8FC7EE}.Debug|Any CPU.Build.0 = Debug|Any CPU
		{10E93464-3639-490E-A78C-15FE8B8FC7EE}.Release|Any CPU.ActiveCfg = Release|Any CPU
		{10E93464-3639-490E-A78C-15FE8B8FC7EE}.Release|Any CPU.Build.0 = Release|Any CPU
	EndGlobalSection
	GlobalSection(SolutionProperties) = preSolution
		HideSolutionNode = FALSE
	EndGlobalSection
	GlobalSection(ExtensibilityGlobals) = postSolution
		SolutionGuid = {55A7A6BE-9E4C-4414-8D72-6F7BEDEECAD1}
	EndGlobalSection
EndGlobal
